// !$*UTF8*$!
{
	archiveVersion = 1;
	classes = {
	};
	objectVersion = 56;
	objects = {

/* Begin PBXBuildFile section */
		240ABAF02ABDBE78007B1D95 /* MenuFooterView.swift in Sources */ = {isa = PBXBuildFile; fileRef = 240ABAEF2ABDBE78007B1D95 /* MenuFooterView.swift */; };
		240ABAF42AC3111F007B1D95 /* AppLayouts.swift in Sources */ = {isa = PBXBuildFile; fileRef = 240ABAF32AC3111F007B1D95 /* AppLayouts.swift */; };
		240ABAFB2AC5A0D7007B1D95 /* SneakerModel.swift in Sources */ = {isa = PBXBuildFile; fileRef = 240ABAFA2AC5A0D7007B1D95 /* SneakerModel.swift */; };
		240ABB032AC5A59C007B1D95 /* SneakerManager.swift in Sources */ = {isa = PBXBuildFile; fileRef = 240ABB022AC5A59C007B1D95 /* SneakerManager.swift */; };
		240ABB052AC5A6ED007B1D95 /* ApiKeys.plist in Resources */ = {isa = PBXBuildFile; fileRef = 240ABB042AC5A6ED007B1D95 /* ApiKeys.plist */; };
		240ABB072AC70CEA007B1D95 /* SneakerPost.swift in Sources */ = {isa = PBXBuildFile; fileRef = 240ABB062AC70CEA007B1D95 /* SneakerPost.swift */; };
		240ABB092AC70D89007B1D95 /* SneakerPostManager.swift in Sources */ = {isa = PBXBuildFile; fileRef = 240ABB082AC70D89007B1D95 /* SneakerPostManager.swift */; };
		240ABB0E2AC712E0007B1D95 /* SwiftSoup in Frameworks */ = {isa = PBXBuildFile; productRef = 240ABB0D2AC712E0007B1D95 /* SwiftSoup */; };
		2421D6EB2ACAF09200D158EA /* Gender.swift in Sources */ = {isa = PBXBuildFile; fileRef = 2421D6EA2ACAF09200D158EA /* Gender.swift */; };
		2478FB842ACDAA8D000613AD /* ReloadDataProtocol.swift in Sources */ = {isa = PBXBuildFile; fileRef = 2478FB832ACDAA8D000613AD /* ReloadDataProtocol.swift */; };
		2478FB882ACEB60F000613AD /* Extensions.swift in Sources */ = {isa = PBXBuildFile; fileRef = 2478FB872ACEB60F000613AD /* Extensions.swift */; };
		2478FB8C2AD0415A000613AD /* NewsWebController.swift in Sources */ = {isa = PBXBuildFile; fileRef = 2478FB8B2AD04159000613AD /* NewsWebController.swift */; };
		2478FB8E2ADE6E33000613AD /* ShopViewControllerDataSource.swift in Sources */ = {isa = PBXBuildFile; fileRef = 2478FB8D2ADE6E33000613AD /* ShopViewControllerDataSource.swift */; };
		249356C62AB884E600C0FBF4 /* AppDelegate.swift in Sources */ = {isa = PBXBuildFile; fileRef = 249356C52AB884E600C0FBF4 /* AppDelegate.swift */; };
		249356C82AB884E600C0FBF4 /* SceneDelegate.swift in Sources */ = {isa = PBXBuildFile; fileRef = 249356C72AB884E600C0FBF4 /* SceneDelegate.swift */; };
		249356CA2AB884E600C0FBF4 /* ShopViewController.swift in Sources */ = {isa = PBXBuildFile; fileRef = 249356C92AB884E600C0FBF4 /* ShopViewController.swift */; };
		249356CF2AB884E800C0FBF4 /* Assets.xcassets in Resources */ = {isa = PBXBuildFile; fileRef = 249356CE2AB884E800C0FBF4 /* Assets.xcassets */; };
		249356D22AB884E800C0FBF4 /* LaunchScreen.storyboard in Resources */ = {isa = PBXBuildFile; fileRef = 249356D02AB884E800C0FBF4 /* LaunchScreen.storyboard */; };
		249356DA2AB97D7900C0FBF4 /* MenuCell.swift in Sources */ = {isa = PBXBuildFile; fileRef = 249356D92AB97D7900C0FBF4 /* MenuCell.swift */; };
		249356DC2AB98A8E00C0FBF4 /* SelfConfigureCellProtocol.swift in Sources */ = {isa = PBXBuildFile; fileRef = 249356DB2AB98A8E00C0FBF4 /* SelfConfigureCellProtocol.swift */; };
		249356DE2AB98D6900C0FBF4 /* PostCell.swift in Sources */ = {isa = PBXBuildFile; fileRef = 249356DD2AB98D6900C0FBF4 /* PostCell.swift */; };
		249356E02AB98DD100C0FBF4 /* ItemCell.swift in Sources */ = {isa = PBXBuildFile; fileRef = 249356DF2AB98DD100C0FBF4 /* ItemCell.swift */; };
/* End PBXBuildFile section */

/* Begin PBXFileReference section */
		240ABAEF2ABDBE78007B1D95 /* MenuFooterView.swift */ = {isa = PBXFileReference; lastKnownFileType = sourcecode.swift; path = MenuFooterView.swift; sourceTree = "<group>"; };
		240ABAF32AC3111F007B1D95 /* AppLayouts.swift */ = {isa = PBXFileReference; lastKnownFileType = sourcecode.swift; path = AppLayouts.swift; sourceTree = "<group>"; };
		240ABAFA2AC5A0D7007B1D95 /* SneakerModel.swift */ = {isa = PBXFileReference; lastKnownFileType = sourcecode.swift; path = SneakerModel.swift; sourceTree = "<group>"; };
		240ABB022AC5A59C007B1D95 /* SneakerManager.swift */ = {isa = PBXFileReference; lastKnownFileType = sourcecode.swift; path = SneakerManager.swift; sourceTree = "<group>"; };
		240ABB042AC5A6ED007B1D95 /* ApiKeys.plist */ = {isa = PBXFileReference; lastKnownFileType = text.plist.xml; path = ApiKeys.plist; sourceTree = "<group>"; };
		240ABB062AC70CEA007B1D95 /* SneakerPost.swift */ = {isa = PBXFileReference; lastKnownFileType = sourcecode.swift; path = SneakerPost.swift; sourceTree = "<group>"; };
		240ABB082AC70D89007B1D95 /* SneakerPostManager.swift */ = {isa = PBXFileReference; lastKnownFileType = sourcecode.swift; path = SneakerPostManager.swift; sourceTree = "<group>"; };
		2421D6EA2ACAF09200D158EA /* Gender.swift */ = {isa = PBXFileReference; lastKnownFileType = sourcecode.swift; path = Gender.swift; sourceTree = "<group>"; };
		2478FB832ACDAA8D000613AD /* ReloadDataProtocol.swift */ = {isa = PBXFileReference; lastKnownFileType = sourcecode.swift; path = ReloadDataProtocol.swift; sourceTree = "<group>"; };
		2478FB872ACEB60F000613AD /* Extensions.swift */ = {isa = PBXFileReference; lastKnownFileType = sourcecode.swift; path = Extensions.swift; sourceTree = "<group>"; };
		2478FB8B2AD04159000613AD /* NewsWebController.swift */ = {isa = PBXFileReference; lastKnownFileType = sourcecode.swift; path = NewsWebController.swift; sourceTree = "<group>"; };
		2478FB8D2ADE6E33000613AD /* ShopViewControllerDataSource.swift */ = {isa = PBXFileReference; lastKnownFileType = sourcecode.swift; path = ShopViewControllerDataSource.swift; sourceTree = "<group>"; };
		249356C22AB884E600C0FBF4 /* DemoShop.app */ = {isa = PBXFileReference; explicitFileType = wrapper.application; includeInIndex = 0; path = DemoShop.app; sourceTree = BUILT_PRODUCTS_DIR; };
		249356C52AB884E600C0FBF4 /* AppDelegate.swift */ = {isa = PBXFileReference; lastKnownFileType = sourcecode.swift; path = AppDelegate.swift; sourceTree = "<group>"; };
		249356C72AB884E600C0FBF4 /* SceneDelegate.swift */ = {isa = PBXFileReference; lastKnownFileType = sourcecode.swift; path = SceneDelegate.swift; sourceTree = "<group>"; };
		249356C92AB884E600C0FBF4 /* ShopViewController.swift */ = {isa = PBXFileReference; lastKnownFileType = sourcecode.swift; path = ShopViewController.swift; sourceTree = "<group>"; };
		249356CE2AB884E800C0FBF4 /* Assets.xcassets */ = {isa = PBXFileReference; lastKnownFileType = folder.assetcatalog; path = Assets.xcassets; sourceTree = "<group>"; };
		249356D12AB884E800C0FBF4 /* Base */ = {isa = PBXFileReference; lastKnownFileType = file.storyboard; name = Base; path = Base.lproj/LaunchScreen.storyboard; sourceTree = "<group>"; };
		249356D32AB884E800C0FBF4 /* Info.plist */ = {isa = PBXFileReference; lastKnownFileType = text.plist.xml; path = Info.plist; sourceTree = "<group>"; };
		249356D92AB97D7900C0FBF4 /* MenuCell.swift */ = {isa = PBXFileReference; lastKnownFileType = sourcecode.swift; path = MenuCell.swift; sourceTree = "<group>"; };
		249356DB2AB98A8E00C0FBF4 /* SelfConfigureCellProtocol.swift */ = {isa = PBXFileReference; lastKnownFileType = sourcecode.swift; path = SelfConfigureCellProtocol.swift; sourceTree = "<group>"; };
		249356DD2AB98D6900C0FBF4 /* PostCell.swift */ = {isa = PBXFileReference; lastKnownFileType = sourcecode.swift; path = PostCell.swift; sourceTree = "<group>"; };
		249356DF2AB98DD100C0FBF4 /* ItemCell.swift */ = {isa = PBXFileReference; lastKnownFileType = sourcecode.swift; path = ItemCell.swift; sourceTree = "<group>"; };
/* End PBXFileReference section */

/* Begin PBXFrameworksBuildPhase section */
		249356BF2AB884E600C0FBF4 /* Frameworks */ = {
			isa = PBXFrameworksBuildPhase;
			buildActionMask = 2147483647;
			files = (
				240ABB0E2AC712E0007B1D95 /* SwiftSoup in Frameworks */,
			);
			runOnlyForDeploymentPostprocessing = 0;
		};
/* End PBXFrameworksBuildPhase section */

/* Begin PBXGroup section */
		240ABAF52AC31131007B1D95 /* Model */ = {
			isa = PBXGroup;
			children = (
				2478FB8D2ADE6E33000613AD /* ShopViewControllerDataSource.swift */,
				2421D6E92ACAF05C00D158EA /* PostModel */,
				2478FB852ACEA4E8000613AD /* SneakerModel */,
				240ABAF92AC311C1007B1D95 /* Protocols */,
			);
			path = Model;
			sourceTree = "<group>";
		};
		240ABAF62AC3113B007B1D95 /* View */ = {
			isa = PBXGroup;
			children = (
				240ABAF32AC3111F007B1D95 /* AppLayouts.swift */,
				240ABAF72AC31146007B1D95 /* Cells */,
			);
			path = View;
			sourceTree = "<group>";
		};
		240ABAF72AC31146007B1D95 /* Cells */ = {
			isa = PBXGroup;
			children = (
				249356D92AB97D7900C0FBF4 /* MenuCell.swift */,
				240ABAEF2ABDBE78007B1D95 /* MenuFooterView.swift */,
				249356DD2AB98D6900C0FBF4 /* PostCell.swift */,
				249356DF2AB98DD100C0FBF4 /* ItemCell.swift */,
			);
			path = Cells;
			sourceTree = "<group>";
		};
		240ABAF82AC31157007B1D95 /* Controllers */ = {
			isa = PBXGroup;
			children = (
				249356C92AB884E600C0FBF4 /* ShopViewController.swift */,
				2478FB8B2AD04159000613AD /* NewsWebController.swift */,
			);
			path = Controllers;
			sourceTree = "<group>";
		};
		240ABAF92AC311C1007B1D95 /* Protocols */ = {
			isa = PBXGroup;
			children = (
				249356DB2AB98A8E00C0FBF4 /* SelfConfigureCellProtocol.swift */,
				2478FB832ACDAA8D000613AD /* ReloadDataProtocol.swift */,
			);
			path = Protocols;
			sourceTree = "<group>";
		};
		2421D6E92ACAF05C00D158EA /* PostModel */ = {
			isa = PBXGroup;
			children = (
				240ABB062AC70CEA007B1D95 /* SneakerPost.swift */,
				2421D6EA2ACAF09200D158EA /* Gender.swift */,
				240ABB082AC70D89007B1D95 /* SneakerPostManager.swift */,
			);
			path = PostModel;
			sourceTree = "<group>";
		};
		2478FB852ACEA4E8000613AD /* SneakerModel */ = {
			isa = PBXGroup;
			children = (
				240ABAFA2AC5A0D7007B1D95 /* SneakerModel.swift */,
				240ABB022AC5A59C007B1D95 /* SneakerManager.swift */,
			);
			path = SneakerModel;
			sourceTree = "<group>";
		};
		2478FB862ACEB5E6000613AD /* Extensions */ = {
			isa = PBXGroup;
			children = (
				2478FB872ACEB60F000613AD /* Extensions.swift */,
			);
			path = Extensions;
			sourceTree = "<group>";
		};
		249356B92AB884E600C0FBF4 = {
			isa = PBXGroup;
			children = (
				249356C42AB884E600C0FBF4 /* DemoShop */,
				249356C32AB884E600C0FBF4 /* Products */,
			);
			sourceTree = "<group>";
		};
		249356C32AB884E600C0FBF4 /* Products */ = {
			isa = PBXGroup;
			children = (
				249356C22AB884E600C0FBF4 /* DemoShop.app */,
			);
			name = Products;
			sourceTree = "<group>";
		};
		249356C42AB884E600C0FBF4 /* DemoShop */ = {
			isa = PBXGroup;
			children = (
				2478FB862ACEB5E6000613AD /* Extensions */,
				240ABAF52AC31131007B1D95 /* Model */,
				240ABAF62AC3113B007B1D95 /* View */,
				240ABAF82AC31157007B1D95 /* Controllers */,
				249356C52AB884E600C0FBF4 /* AppDelegate.swift */,
				249356C72AB884E600C0FBF4 /* SceneDelegate.swift */,
				249356CE2AB884E800C0FBF4 /* Assets.xcassets */,
				249356D02AB884E800C0FBF4 /* LaunchScreen.storyboard */,
				249356D32AB884E800C0FBF4 /* Info.plist */,
				240ABB042AC5A6ED007B1D95 /* ApiKeys.plist */,
			);
			path = DemoShop;
			sourceTree = "<group>";
		};
/* End PBXGroup section */

/* Begin PBXNativeTarget section */
		249356C12AB884E600C0FBF4 /* DemoShop */ = {
			isa = PBXNativeTarget;
			buildConfigurationList = 249356D62AB884E800C0FBF4 /* Build configuration list for PBXNativeTarget "DemoShop" */;
			buildPhases = (
				249356BE2AB884E600C0FBF4 /* Sources */,
				249356BF2AB884E600C0FBF4 /* Frameworks */,
				249356C02AB884E600C0FBF4 /* Resources */,
			);
			buildRules = (
			);
			dependencies = (
			);
			name = DemoShop;
			packageProductDependencies = (
				240ABB0D2AC712E0007B1D95 /* SwiftSoup */,
			);
			productName = DemoShop;
			productReference = 249356C22AB884E600C0FBF4 /* DemoShop.app */;
			productType = "com.apple.product-type.application";
		};
/* End PBXNativeTarget section */

/* Begin PBXProject section */
		249356BA2AB884E600C0FBF4 /* Project object */ = {
			isa = PBXProject;
			attributes = {
				BuildIndependentTargetsInParallel = 1;
				LastSwiftUpdateCheck = 1430;
				LastUpgradeCheck = 1500;
				TargetAttributes = {
					249356C12AB884E600C0FBF4 = {
						CreatedOnToolsVersion = 14.3.1;
					};
				};
			};
			buildConfigurationList = 249356BD2AB884E600C0FBF4 /* Build configuration list for PBXProject "DemoShop" */;
			compatibilityVersion = "Xcode 14.0";
			developmentRegion = en;
			hasScannedForEncodings = 0;
			knownRegions = (
				en,
				Base,
			);
			mainGroup = 249356B92AB884E600C0FBF4;
			packageReferences = (
				240ABB0C2AC712DF007B1D95 /* XCRemoteSwiftPackageReference "SwiftSoup" */,
			);
			productRefGroup = 249356C32AB884E600C0FBF4 /* Products */;
			projectDirPath = "";
			projectRoot = "";
			targets = (
				249356C12AB884E600C0FBF4 /* DemoShop */,
			);
		};
/* End PBXProject section */

/* Begin PBXResourcesBuildPhase section */
		249356C02AB884E600C0FBF4 /* Resources */ = {
			isa = PBXResourcesBuildPhase;
			buildActionMask = 2147483647;
			files = (
				249356D22AB884E800C0FBF4 /* LaunchScreen.storyboard in Resources */,
				249356CF2AB884E800C0FBF4 /* Assets.xcassets in Resources */,
				240ABB052AC5A6ED007B1D95 /* ApiKeys.plist in Resources */,
			);
			runOnlyForDeploymentPostprocessing = 0;
		};
/* End PBXResourcesBuildPhase section */

/* Begin PBXSourcesBuildPhase section */
		249356BE2AB884E600C0FBF4 /* Sources */ = {
			isa = PBXSourcesBuildPhase;
			buildActionMask = 2147483647;
			files = (
				249356CA2AB884E600C0FBF4 /* ShopViewController.swift in Sources */,
				240ABAF42AC3111F007B1D95 /* AppLayouts.swift in Sources */,
				249356DC2AB98A8E00C0FBF4 /* SelfConfigureCellProtocol.swift in Sources */,
				249356C62AB884E600C0FBF4 /* AppDelegate.swift in Sources */,
				2421D6EB2ACAF09200D158EA /* Gender.swift in Sources */,
				2478FB8C2AD0415A000613AD /* NewsWebController.swift in Sources */,
				240ABB072AC70CEA007B1D95 /* SneakerPost.swift in Sources */,
				249356DA2AB97D7900C0FBF4 /* MenuCell.swift in Sources */,
				249356E02AB98DD100C0FBF4 /* ItemCell.swift in Sources */,
				249356C82AB884E600C0FBF4 /* SceneDelegate.swift in Sources */,
				240ABAFB2AC5A0D7007B1D95 /* SneakerModel.swift in Sources */,
				2478FB882ACEB60F000613AD /* Extensions.swift in Sources */,
				2478FB8E2ADE6E33000613AD /* ShopViewControllerDataSource.swift in Sources */,
				2478FB842ACDAA8D000613AD /* ReloadDataProtocol.swift in Sources */,
				249356DE2AB98D6900C0FBF4 /* PostCell.swift in Sources */,
				240ABB092AC70D89007B1D95 /* SneakerPostManager.swift in Sources */,
				240ABAF02ABDBE78007B1D95 /* MenuFooterView.swift in Sources */,
				240ABB032AC5A59C007B1D95 /* SneakerManager.swift in Sources */,
			);
			runOnlyForDeploymentPostprocessing = 0;
		};
/* End PBXSourcesBuildPhase section */

/* Begin PBXVariantGroup section */
		249356D02AB884E800C0FBF4 /* LaunchScreen.storyboard */ = {
			isa = PBXVariantGroup;
			children = (
				249356D12AB884E800C0FBF4 /* Base */,
			);
			name = LaunchScreen.storyboard;
			sourceTree = "<group>";
		};
/* End PBXVariantGroup section */

/* Begin XCBuildConfiguration section */
		249356D42AB884E800C0FBF4 /* Debug */ = {
			isa = XCBuildConfiguration;
			buildSettings = {
				ALWAYS_SEARCH_USER_PATHS = NO;
				CLANG_ANALYZER_NONNULL = YES;
				CLANG_ANALYZER_NUMBER_OBJECT_CONVERSION = YES_AGGRESSIVE;
				CLANG_CXX_LANGUAGE_STANDARD = "gnu++20";
				CLANG_ENABLE_MODULES = YES;
				CLANG_ENABLE_OBJC_ARC = YES;
				CLANG_ENABLE_OBJC_WEAK = YES;
				CLANG_WARN_BLOCK_CAPTURE_AUTORELEASING = YES;
				CLANG_WARN_BOOL_CONVERSION = YES;
				CLANG_WARN_COMMA = YES;
				CLANG_WARN_CONSTANT_CONVERSION = YES;
				CLANG_WARN_DEPRECATED_OBJC_IMPLEMENTATIONS = YES;
				CLANG_WARN_DIRECT_OBJC_ISA_USAGE = YES_ERROR;
				CLANG_WARN_DOCUMENTATION_COMMENTS = YES;
				CLANG_WARN_EMPTY_BODY = YES;
				CLANG_WARN_ENUM_CONVERSION = YES;
				CLANG_WARN_INFINITE_RECURSION = YES;
				CLANG_WARN_INT_CONVERSION = YES;
				CLANG_WARN_NON_LITERAL_NULL_CONVERSION = YES;
				CLANG_WARN_OBJC_IMPLICIT_RETAIN_SELF = YES;
				CLANG_WARN_OBJC_LITERAL_CONVERSION = YES;
				CLANG_WARN_OBJC_ROOT_CLASS = YES_ERROR;
				CLANG_WARN_QUOTED_INCLUDE_IN_FRAMEWORK_HEADER = YES;
				CLANG_WARN_RANGE_LOOP_ANALYSIS = YES;
				CLANG_WARN_STRICT_PROTOTYPES = YES;
				CLANG_WARN_SUSPICIOUS_MOVE = YES;
				CLANG_WARN_UNGUARDED_AVAILABILITY = YES_AGGRESSIVE;
				CLANG_WARN_UNREACHABLE_CODE = YES;
				CLANG_WARN__DUPLICATE_METHOD_MATCH = YES;
				COPY_PHASE_STRIP = NO;
				DEBUG_INFORMATION_FORMAT = dwarf;
				ENABLE_STRICT_OBJC_MSGSEND = YES;
				ENABLE_TESTABILITY = YES;
				ENABLE_USER_SCRIPT_SANDBOXING = YES;
				GCC_C_LANGUAGE_STANDARD = gnu11;
				GCC_DYNAMIC_NO_PIC = NO;
				GCC_NO_COMMON_BLOCKS = YES;
				GCC_OPTIMIZATION_LEVEL = 0;
				GCC_PREPROCESSOR_DEFINITIONS = (
					"DEBUG=1",
					"$(inherited)",
				);
				GCC_WARN_64_TO_32_BIT_CONVERSION = YES;
				GCC_WARN_ABOUT_RETURN_TYPE = YES_ERROR;
				GCC_WARN_UNDECLARED_SELECTOR = YES;
				GCC_WARN_UNINITIALIZED_AUTOS = YES_AGGRESSIVE;
				GCC_WARN_UNUSED_FUNCTION = YES;
				GCC_WARN_UNUSED_VARIABLE = YES;
				IPHONEOS_DEPLOYMENT_TARGET = 16.4;
				MTL_ENABLE_DEBUG_INFO = INCLUDE_SOURCE;
				MTL_FAST_MATH = YES;
				ONLY_ACTIVE_ARCH = YES;
				SDKROOT = iphoneos;
				SWIFT_ACTIVE_COMPILATION_CONDITIONS = DEBUG;
				SWIFT_OPTIMIZATION_LEVEL = "-Onone";
			};
			name = Debug;
		};
		249356D52AB884E800C0FBF4 /* Release */ = {
			isa = XCBuildConfiguration;
			buildSettings = {
				ALWAYS_SEARCH_USER_PATHS = NO;
				CLANG_ANALYZER_NONNULL = YES;
				CLANG_ANALYZER_NUMBER_OBJECT_CONVERSION = YES_AGGRESSIVE;
				CLANG_CXX_LANGUAGE_STANDARD = "gnu++20";
				CLANG_ENABLE_MODULES = YES;
				CLANG_ENABLE_OBJC_ARC = YES;
				CLANG_ENABLE_OBJC_WEAK = YES;
				CLANG_WARN_BLOCK_CAPTURE_AUTORELEASING = YES;
				CLANG_WARN_BOOL_CONVERSION = YES;
				CLANG_WARN_COMMA = YES;
				CLANG_WARN_CONSTANT_CONVERSION = YES;
				CLANG_WARN_DEPRECATED_OBJC_IMPLEMENTATIONS = YES;
				CLANG_WARN_DIRECT_OBJC_ISA_USAGE = YES_ERROR;
				CLANG_WARN_DOCUMENTATION_COMMENTS = YES;
				CLANG_WARN_EMPTY_BODY = YES;
				CLANG_WARN_ENUM_CONVERSION = YES;
				CLANG_WARN_INFINITE_RECURSION = YES;
				CLANG_WARN_INT_CONVERSION = YES;
				CLANG_WARN_NON_LITERAL_NULL_CONVERSION = YES;
				CLANG_WARN_OBJC_IMPLICIT_RETAIN_SELF = YES;
				CLANG_WARN_OBJC_LITERAL_CONVERSION = YES;
				CLANG_WARN_OBJC_ROOT_CLASS = YES_ERROR;
				CLANG_WARN_QUOTED_INCLUDE_IN_FRAMEWORK_HEADER = YES;
				CLANG_WARN_RANGE_LOOP_ANALYSIS = YES;
				CLANG_WARN_STRICT_PROTOTYPES = YES;
				CLANG_WARN_SUSPICIOUS_MOVE = YES;
				CLANG_WARN_UNGUARDED_AVAILABILITY = YES_AGGRESSIVE;
				CLANG_WARN_UNREACHABLE_CODE = YES;
				CLANG_WARN__DUPLICATE_METHOD_MATCH = YES;
				COPY_PHASE_STRIP = NO;
				DEBUG_INFORMATION_FORMAT = "dwarf-with-dsym";
				ENABLE_NS_ASSERTIONS = NO;
				ENABLE_STRICT_OBJC_MSGSEND = YES;
				ENABLE_USER_SCRIPT_SANDBOXING = YES;
				GCC_C_LANGUAGE_STANDARD = gnu11;
				GCC_NO_COMMON_BLOCKS = YES;
				GCC_WARN_64_TO_32_BIT_CONVERSION = YES;
				GCC_WARN_ABOUT_RETURN_TYPE = YES_ERROR;
				GCC_WARN_UNDECLARED_SELECTOR = YES;
				GCC_WARN_UNINITIALIZED_AUTOS = YES_AGGRESSIVE;
				GCC_WARN_UNUSED_FUNCTION = YES;
				GCC_WARN_UNUSED_VARIABLE = YES;
				IPHONEOS_DEPLOYMENT_TARGET = 16.4;
				MTL_ENABLE_DEBUG_INFO = NO;
				MTL_FAST_MATH = YES;
				SDKROOT = iphoneos;
				SWIFT_COMPILATION_MODE = wholemodule;
				SWIFT_OPTIMIZATION_LEVEL = "-O";
				VALIDATE_PRODUCT = YES;
			};
			name = Release;
		};
		249356D72AB884E800C0FBF4 /* Debug */ = {
			isa = XCBuildConfiguration;
			buildSettings = {
				ASSETCATALOG_COMPILER_APPICON_NAME = AppIcon;
				ASSETCATALOG_COMPILER_GLOBAL_ACCENT_COLOR_NAME = AccentColor;
				CODE_SIGN_STYLE = Automatic;
				CURRENT_PROJECT_VERSION = 1;
				GENERATE_INFOPLIST_FILE = YES;
				INFOPLIST_FILE = DemoShop/Info.plist;
				INFOPLIST_KEY_UIApplicationSupportsIndirectInputEvents = YES;
				INFOPLIST_KEY_UILaunchStoryboardName = LaunchScreen;
				INFOPLIST_KEY_UIMainStoryboardFile = "";
				INFOPLIST_KEY_UISupportedInterfaceOrientations_iPad = "UIInterfaceOrientationPortrait UIInterfaceOrientationPortraitUpsideDown UIInterfaceOrientationLandscapeLeft UIInterfaceOrientationLandscapeRight";
				INFOPLIST_KEY_UISupportedInterfaceOrientations_iPhone = "UIInterfaceOrientationPortrait UIInterfaceOrientationLandscapeLeft UIInterfaceOrientationLandscapeRight";
				LD_RUNPATH_SEARCH_PATHS = (
					"$(inherited)",
					"@executable_path/Frameworks",
				);
				MARKETING_VERSION = 1.0;
				PRODUCT_BUNDLE_IDENTIFIER = "Lyashenko-KV.DemoShop";
				PRODUCT_NAME = "$(TARGET_NAME)";
				SWIFT_EMIT_LOC_STRINGS = YES;
				SWIFT_VERSION = 5.0;
				TARGETED_DEVICE_FAMILY = "1,2";
			};
			name = Debug;
		};
		249356D82AB884E800C0FBF4 /* Release */ = {
			isa = XCBuildConfiguration;
			buildSettings = {
				ASSETCATALOG_COMPILER_APPICON_NAME = AppIcon;
				ASSETCATALOG_COMPILER_GLOBAL_ACCENT_COLOR_NAME = AccentColor;
				CODE_SIGN_STYLE = Automatic;
				CURRENT_PROJECT_VERSION = 1;
				GENERATE_INFOPLIST_FILE = YES;
				INFOPLIST_FILE = DemoShop/Info.plist;
				INFOPLIST_KEY_UIApplicationSupportsIndirectInputEvents = YES;
				INFOPLIST_KEY_UILaunchStoryboardName = LaunchScreen;
				INFOPLIST_KEY_UIMainStoryboardFile = "";
				INFOPLIST_KEY_UISupportedInterfaceOrientations_iPad = "UIInterfaceOrientationPortrait UIInterfaceOrientationPortraitUpsideDown UIInterfaceOrientationLandscapeLeft UIInterfaceOrientationLandscapeRight";
				INFOPLIST_KEY_UISupportedInterfaceOrientations_iPhone = "UIInterfaceOrientationPortrait UIInterfaceOrientationLandscapeLeft UIInterfaceOrientationLandscapeRight";
				LD_RUNPATH_SEARCH_PATHS = (
					"$(inherited)",
					"@executable_path/Frameworks",
				);
				MARKETING_VERSION = 1.0;
				PRODUCT_BUNDLE_IDENTIFIER = "Lyashenko-KV.DemoShop";
				PRODUCT_NAME = "$(TARGET_NAME)";
				SWIFT_EMIT_LOC_STRINGS = YES;
				SWIFT_VERSION = 5.0;
				TARGETED_DEVICE_FAMILY = "1,2";
			};
			name = Release;
		};
/* End XCBuildConfiguration section */

/* Begin XCConfigurationList section */
		249356BD2AB884E600C0FBF4 /* Build configuration list for PBXProject "DemoShop" */ = {
			isa = XCConfigurationList;
			buildConfigurations = (
				249356D42AB884E800C0FBF4 /* Debug */,
				249356D52AB884E800C0FBF4 /* Release */,
			);
			defaultConfigurationIsVisible = 0;
			defaultConfigurationName = Release;
		};
		249356D62AB884E800C0FBF4 /* Build configuration list for PBXNativeTarget "DemoShop" */ = {
			isa = XCConfigurationList;
			buildConfigurations = (
				249356D72AB884E800C0FBF4 /* Debug */,
				249356D82AB884E800C0FBF4 /* Release */,
			);
			defaultConfigurationIsVisible = 0;
			defaultConfigurationName = Release;
		};
/* End XCConfigurationList section */

/* Begin XCRemoteSwiftPackageReference section */
		240ABB0C2AC712DF007B1D95 /* XCRemoteSwiftPackageReference "SwiftSoup" */ = {
			isa = XCRemoteSwiftPackageReference;
			repositoryURL = "https://github.com/scinfu/SwiftSoup.git";
			requirement = {
				kind = upToNextMajorVersion;
				minimumVersion = 2.6.1;
			};
		};
/* End XCRemoteSwiftPackageReference section */

/* Begin XCSwiftPackageProductDependency section */
		240ABB0D2AC712E0007B1D95 /* SwiftSoup */ = {
			isa = XCSwiftPackageProductDependency;
			package = 240ABB0C2AC712DF007B1D95 /* XCRemoteSwiftPackageReference "SwiftSoup" */;
			productName = SwiftSoup;
		};
/* End XCSwiftPackageProductDependency section */
	};
	rootObject = 249356BA2AB884E600C0FBF4 /* Project object */;
}
